
Microsoft Visual Studio Solution File, Format Version 12.00
# Visual Studio 15
VisualStudioVersion = 15.0.26430.16
MinimumVisualStudioVersion = 10.0.40219.1
Project("{FAE04EC0-301F-11D3-BF4B-00C04F79EFBC}") = "WebApplication_osnove", "WebApplication_osnove\WebApplication_osnove.csproj", "{B49C5249-41F4-4CCF-8C15-9BCCE487D3A3}"
EndProject
Project("{FAE04EC0-301F-11D3-BF4B-00C04F79EFBC}") = "WebFormsPrimjer", "WebFormsPrimjer\WebFormsPrimjer.csproj", "{BAB1BEBD-8C8D-4FBB-9EDB-87322578C158}"
EndProject
Project("{FAE04EC0-301F-11D3-BF4B-00C04F79EFBC}") = "HelloWorld", "HelloWorld\HelloWorld.csproj", "{830022FC-C9DD-45BA-BE45-38B46D2F59E6}"
EndProject
Project("{FAE04EC0-301F-11D3-BF4B-00C04F79EFBC}") = "2.01_vjezba", "2.01_vjezba\2.01_vjezba.csproj", "{28ADE462-0A6F-4BD7-B1C9-15160C55F852}"
EndProject
Project("{FAE04EC0-301F-11D3-BF4B-00C04F79EFBC}") = "Zadaca_4.1._vj", "Zadaca_4.1._vj\Zadaca_4.1._vj.csproj", "{78C19FD7-DDAC-4365-AAFA-6E25464E36AC}"
EndProject
Project("{FAE04EC0-301F-11D3-BF4B-00C04F79EFBC}") = "5.3.1_stranice_s_layoutom", "5.3.1_stranice_s_layoutom\5.3.1_stranice_s_layoutom.csproj", "{CA418D41-B74A-4095-BFEB-C181D400FF96}"
EndProject
Project("{FAE04EC0-301F-11D3-BF4B-00C04F79EFBC}") = "Validacije", "Validacije\Validacije.csproj", "{59EF1F07-F385-4023-92AF-F270B412CF98}"
EndProject
Project("{FAE04EC0-301F-11D3-BF4B-00C04F79EFBC}") = "ado_net_spajanje_na_bazu", "ado_net_spajanje_na_bazu\ado_net_spajanje_na_bazu.csproj", "{9C9611C5-2939-430C-8352-0B8F16EBEA73}"
EndProject
Project("{FAE04EC0-301F-11D3-BF4B-00C04F79EFBC}") = "ADO_NET_Komponente", "ADO_NET_Komponente\ADO_NET_Komponente.csproj", "{73AFA1FA-3DFB-4494-9AE3-2ECCE3657D4E}"
EndProject
Project("{FAE04EC0-301F-11D3-BF4B-00C04F79EFBC}") = "Adresar", "Adresar\Adresar.csproj", "{8FDE4E08-C5C5-44F6-B548-3E07FACDA78D}"
EndProject
Global
	GlobalSection(SolutionConfigurationPlatforms) = preSolution
		Debug|Any CPU = Debug|Any CPU
		Release|Any CPU = Release|Any CPU
	EndGlobalSection
	GlobalSection(ProjectConfigurationPlatforms) = postSolution
		{B49C5249-41F4-4CCF-8C15-9BCCE487D3A3}.Debug|Any CPU.ActiveCfg = Debug|Any CPU
		{B49C5249-41F4-4CCF-8C15-9BCCE487D3A3}.Debug|Any CPU.Build.0 = Debug|Any CPU
		{B49C5249-41F4-4CCF-8C15-9BCCE487D3A3}.Release|Any CPU.ActiveCfg = Release|Any CPU
		{B49C5249-41F4-4CCF-8C15-9BCCE487D3A3}.Release|Any CPU.Build.0 = Release|Any CPU
		{BAB1BEBD-8C8D-4FBB-9EDB-87322578C158}.Debug|Any CPU.ActiveCfg = Debug|Any CPU
		{BAB1BEBD-8C8D-4FBB-9EDB-87322578C158}.Debug|Any CPU.Build.0 = Debug|Any CPU
		{BAB1BEBD-8C8D-4FBB-9EDB-87322578C158}.Release|Any CPU.ActiveCfg = Release|Any CPU
		{BAB1BEBD-8C8D-4FBB-9EDB-87322578C158}.Release|Any CPU.Build.0 = Release|Any CPU
		{830022FC-C9DD-45BA-BE45-38B46D2F59E6}.Debug|Any CPU.ActiveCfg = Debug|Any CPU
		{830022FC-C9DD-45BA-BE45-38B46D2F59E6}.Debug|Any CPU.Build.0 = Debug|Any CPU
		{830022FC-C9DD-45BA-BE45-38B46D2F59E6}.Release|Any CPU.ActiveCfg = Release|Any CPU
		{830022FC-C9DD-45BA-BE45-38B46D2F59E6}.Release|Any CPU.Build.0 = Release|Any CPU
		{28ADE462-0A6F-4BD7-B1C9-15160C55F852}.Debug|Any CPU.ActiveCfg = Debug|Any CPU
		{28ADE462-0A6F-4BD7-B1C9-15160C55F852}.Debug|Any CPU.Build.0 = Debug|Any CPU
		{28ADE462-0A6F-4BD7-B1C9-15160C55F852}.Release|Any CPU.ActiveCfg = Release|Any CPU
		{28ADE462-0A6F-4BD7-B1C9-15160C55F852}.Release|Any CPU.Build.0 = Release|Any CPU
		{78C19FD7-DDAC-4365-AAFA-6E25464E36AC}.Debug|Any CPU.ActiveCfg = Debug|Any CPU
		{78C19FD7-DDAC-4365-AAFA-6E25464E36AC}.Debug|Any CPU.Build.0 = Debug|Any CPU
		{78C19FD7-DDAC-4365-AAFA-6E25464E36AC}.Release|Any CPU.ActiveCfg = Release|Any CPU
		{78C19FD7-DDAC-4365-AAFA-6E25464E36AC}.Release|Any CPU.Build.0 = Release|Any CPU
		{CA418D41-B74A-4095-BFEB-C181D400FF96}.Debug|Any CPU.ActiveCfg = Debug|Any CPU
		{CA418D41-B74A-4095-BFEB-C181D400FF96}.Debug|Any CPU.Build.0 = Debug|Any CPU
		{CA418D41-B74A-4095-BFEB-C181D400FF96}.Release|Any CPU.ActiveCfg = Release|Any CPU
		{CA418D41-B74A-4095-BFEB-C181D400FF96}.Release|Any CPU.Build.0 = Release|Any CPU
		{59EF1F07-F385-4023-92AF-F270B412CF98}.Debug|Any CPU.ActiveCfg = Debug|Any CPU
		{59EF1F07-F385-4023-92AF-F270B412CF98}.Debug|Any CPU.Build.0 = Debug|Any CPU
		{59EF1F07-F385-4023-92AF-F270B412CF98}.Release|Any CPU.ActiveCfg = Release|Any CPU
		{59EF1F07-F385-4023-92AF-F270B412CF98}.Release|Any CPU.Build.0 = Release|Any CPU
		{9C9611C5-2939-430C-8352-0B8F16EBEA73}.Debug|Any CPU.ActiveCfg = Debug|Any CPU
		{9C9611C5-2939-430C-8352-0B8F16EBEA73}.Debug|Any CPU.Build.0 = Debug|Any CPU
		{9C9611C5-2939-430C-8352-0B8F16EBEA73}.Release|Any CPU.ActiveCfg = Release|Any CPU
		{9C9611C5-2939-430C-8352-0B8F16EBEA73}.Release|Any CPU.Build.0 = Release|Any CPU
		{73AFA1FA-3DFB-4494-9AE3-2ECCE3657D4E}.Debug|Any CPU.ActiveCfg = Debug|Any CPU
		{73AFA1FA-3DFB-4494-9AE3-2ECCE3657D4E}.Debug|Any CPU.Build.0 = Debug|Any CPU
		{73AFA1FA-3DFB-4494-9AE3-2ECCE3657D4E}.Release|Any CPU.ActiveCfg = Release|Any CPU
		{73AFA1FA-3DFB-4494-9AE3-2ECCE3657D4E}.Release|Any CPU.Build.0 = Release|Any CPU
		{8FDE4E08-C5C5-44F6-B548-3E07FACDA78D}.Debug|Any CPU.ActiveCfg = Debug|Any CPU
		{8FDE4E08-C5C5-44F6-B548-3E07FACDA78D}.Debug|Any CPU.Build.0 = Debug|Any CPU
		{8FDE4E08-C5C5-44F6-B548-3E07FACDA78D}.Release|Any CPU.ActiveCfg = Release|Any CPU
		{8FDE4E08-C5C5-44F6-B548-3E07FACDA78D}.Release|Any CPU.Build.0 = Release|Any CPU
	EndGlobalSection
	GlobalSection(SolutionProperties) = preSolution
		HideSolutionNode = FALSE
	EndGlobalSection
	GlobalSection(ExtensibilityGlobals) = postSolution
		SolutionGuid = {9645ABE9-CCF0-41EC-B57E-C4C0CC681950}
	EndGlobalSection
EndGlobal
